# THIS IS AN AUTOGENERATED FILE. DO NOT EDIT THIS FILE DIRECTLY.
# yarn lockfile v1


"@babel/runtime@^7.11.2", "@babel/runtime@^7.12.5", "@babel/runtime@^7.14.5", "@babel/runtime@^7.5.5":
  version "7.25.4"
  resolved "https://registry.yarnpkg.com/@babel/runtime/-/runtime-7.25.4.tgz#6ef37d678428306e7d75f054d5b1bdb8cf8aa8ee"
  integrity sha512-DSgLeL/FNcpXuzav5wfYvHCGvynXkJbn3Zvc3823AEe9nPwW9IK4UoCSS5yGymmQzN0pCPvivtgS6/8U2kkm1w==
  dependencies:
    regenerator-runtime "^0.14.0"

"@fortawesome/fontawesome-free@^6.5.1":
  version "6.5.1"
  resolved "https://registry.yarnpkg.com/@fortawesome/fontawesome-free/-/fontawesome-free-6.5.1.tgz#55cc8410abf1003b726324661ce5b0d1c10de258"
  integrity sha512-CNy5vSwN3fsUStPRLX7fUYojyuzoEMSXPl7zSLJ8TgtRfjv24LOnOWKT2zYwaHZCJGkdyRnTmstR0P+Ah503Gw==

"@petamoriken/float16@^3.4.7":
  version "3.8.7"
  resolved "https://registry.yarnpkg.com/@petamoriken/float16/-/float16-3.8.7.tgz#16073fb1b9867eaa5b254573484d09100700aaa4"
  integrity sha512-/Ri4xDDpe12NT6Ex/DRgHzLlobiQXEW/hmG08w1wj/YU7hLemk97c+zHQFp0iZQ9r7YqgLEXZR2sls4HxBf9NA==

"@types/rbush@^3.0.3":
  version "3.0.4"
  resolved "https://registry.yarnpkg.com/@types/rbush/-/rbush-3.0.4.tgz#265d84ec76dc48e464e95ae4f58e085f28f0a227"
  integrity sha512-knSt9cCW8jj1ZSFcFeBZaX++OucmfPxxHiRwTahZfJlnQsek7O0bazTJHWD2RVj9LEoejUYF2de3/stf+QXcXw==

"@videojs/http-streaming@2.16.3":
  version "2.16.3"
  resolved "https://registry.yarnpkg.com/@videojs/http-streaming/-/http-streaming-2.16.3.tgz#d9b460c3716436327dbab4b1faeb2a767f05dcef"
  integrity sha512-91CJv5PnFBzNBvyEjt+9cPzTK/xoVixARj2g7ZAvItA+5bx8VKdk5RxCz/PP2kdzz9W+NiDUMPkdmTsosmy69Q==
  dependencies:
    "@babel/runtime" "^7.12.5"
    "@videojs/vhs-utils" "3.0.5"
    aes-decrypter "3.1.3"
    global "^4.4.0"
    m3u8-parser "4.8.0"
    mpd-parser "^0.22.1"
    mux.js "6.0.1"
    video.js "^6 || ^7"

"@videojs/http-streaming@3.13.2":
  version "3.13.2"
  resolved "https://registry.yarnpkg.com/@videojs/http-streaming/-/http-streaming-3.13.2.tgz#fb1d811a079fe42d1d5d8db0f398d40157c800fd"
  integrity sha512-eCfQp61w00hg7Y9npmLnsJ6UvDF+SsFYzu7mQJgVXxWpVm9AthYWA3KQEKA7F7Sy6yzlm/Sps8BHs5ItelNZgQ==
  dependencies:
    "@babel/runtime" "^7.12.5"
    "@videojs/vhs-utils" "4.0.0"
    aes-decrypter "4.0.1"
    global "^4.4.0"
    m3u8-parser "^7.1.0"
    mpd-parser "^1.3.0"
    mux.js "7.0.3"
    video.js "^7 || ^8"

"@videojs/vhs-utils@3.0.5", "@videojs/vhs-utils@^3.0.4", "@videojs/vhs-utils@^3.0.5":
  version "3.0.5"
  resolved "https://registry.yarnpkg.com/@videojs/vhs-utils/-/vhs-utils-3.0.5.tgz#665ba70d78258ba1ab977364e2fe9f4d4799c46c"
  integrity sha512-PKVgdo8/GReqdx512F+ombhS+Bzogiofy1LgAj4tN8PfdBx3HSS7V5WfJotKTqtOWGwVfSWsrYN/t09/DSryrw==
  dependencies:
    "@babel/runtime" "^7.12.5"
    global "^4.4.0"
    url-toolkit "^2.2.1"

"@videojs/vhs-utils@4.0.0", "@videojs/vhs-utils@^4.0.0":
  version "4.0.0"
  resolved "https://registry.yarnpkg.com/@videojs/vhs-utils/-/vhs-utils-4.0.0.tgz#4d4dbf5d61a9fbd2da114b84ec747c3a483bc60d"
  integrity sha512-xJp7Yd4jMLwje2vHCUmi8MOUU76nxiwII3z4Eg3Ucb+6rrkFVGosrXlMgGnaLjq724j3wzNElRZ71D/CKrTtxg==
  dependencies:
    "@babel/runtime" "^7.12.5"
    global "^4.4.0"
    url-toolkit "^2.2.1"

"@videojs/vhs-utils@^4.1.1":
  version "4.1.1"
  resolved "https://registry.yarnpkg.com/@videojs/vhs-utils/-/vhs-utils-4.1.1.tgz#44226fc5993f577490b5e08951ddc083714405cc"
  integrity sha512-5iLX6sR2ownbv4Mtejw6Ax+naosGvoT9kY+gcuHzANyUZZ+4NpeNdKMUhb6ag0acYej1Y7cmr/F2+4PrggMiVA==
  dependencies:
    "@babel/runtime" "^7.12.5"
    global "^4.4.0"

"@videojs/xhr@2.6.0":
  version "2.6.0"
  resolved "https://registry.yarnpkg.com/@videojs/xhr/-/xhr-2.6.0.tgz#cd897e0ad54faf497961bcce3fa16dc15a26bb80"
  integrity sha512-7J361GiN1tXpm+gd0xz2QWr3xNWBE+rytvo8J3KuggFaLg+U37gZQ2BuPLcnkfGffy2e+ozY70RHC8jt7zjA6Q==
  dependencies:
    "@babel/runtime" "^7.5.5"
    global "~4.4.0"
    is-function "^1.0.1"

"@videojs/xhr@2.7.0":
  version "2.7.0"
  resolved "https://registry.yarnpkg.com/@videojs/xhr/-/xhr-2.7.0.tgz#e272af6e2b5448aeb400905a5c6f4818f6b6ad47"
  integrity sha512-giab+EVRanChIupZK7gXjHy90y3nncA2phIOyG3Ne5fvpiMJzvqYwiTOnEVW2S4CoYcuKJkomat7bMXA/UoUZQ==
  dependencies:
    "@babel/runtime" "^7.5.5"
    global "~4.4.0"
    is-function "^1.0.1"

"@xmldom/xmldom@^0.8.3":
  version "0.8.10"
  resolved "https://registry.yarnpkg.com/@xmldom/xmldom/-/xmldom-0.8.10.tgz#a1337ca426aa61cef9fe15b5b28e340a72f6fa99"
  integrity sha512-2WALfTl4xo2SkGCYRt6rDTFfk9R1czmBvUQy12gK2KuRKIpWEhcbbzy8EZXtz/jkRqHX8bFEc6FC1HjX4TUWYw==

aes-decrypter@3.1.3:
  version "3.1.3"
  resolved "https://registry.yarnpkg.com/aes-decrypter/-/aes-decrypter-3.1.3.tgz#65ff5f2175324d80c41083b0e135d1464b12ac35"
  integrity sha512-VkG9g4BbhMBy+N5/XodDeV6F02chEk9IpgRTq/0bS80y4dzy79VH2Gtms02VXomf3HmyRe3yyJYkJ990ns+d6A==
  dependencies:
    "@babel/runtime" "^7.12.5"
    "@videojs/vhs-utils" "^3.0.5"
    global "^4.4.0"
    pkcs7 "^1.0.4"

aes-decrypter@4.0.1:
  version "4.0.1"
  resolved "https://registry.yarnpkg.com/aes-decrypter/-/aes-decrypter-4.0.1.tgz#c1a81d0bde0e96fed0674488d2a31a6d7ab9b7a7"
  integrity sha512-H1nh/P9VZXUf17AA5NQfJML88CFjVBDuGkp5zDHa7oEhYN9TTpNLJknRY1ie0iSKWlDf6JRnJKaZVDSQdPy6Cg==
  dependencies:
    "@babel/runtime" "^7.12.5"
    "@videojs/vhs-utils" "^3.0.5"
    global "^4.4.0"
    pkcs7 "^1.0.4"

aes-decrypter@^4.0.1:
  version "4.0.2"
  resolved "https://registry.yarnpkg.com/aes-decrypter/-/aes-decrypter-4.0.2.tgz#90648181c68878f54093920a3b44776ec2dc4914"
  integrity sha512-lc+/9s6iJvuaRe5qDlMTpCFjnwpkeOXp8qP3oiZ5jsj1MRg+SBVUmmICrhxHvc8OELSmc+fEyyxAuppY6hrWzw==
  dependencies:
    "@babel/runtime" "^7.12.5"
    "@videojs/vhs-utils" "^4.1.1"
    global "^4.4.0"
    pkcs7 "^1.0.4"

bootstrap-icons@^1.11.1:
  version "1.11.3"
  resolved "https://registry.yarnpkg.com/bootstrap-icons/-/bootstrap-icons-1.11.3.tgz#03f9cb754ec005c52f9ee616e2e84a82cab3084b"
  integrity sha512-+3lpHrCw/it2/7lBL15VR0HEumaBss0+f/Lb6ZvHISn1mlK83jjFpooTLsMWbIjJMDjDjOExMsTxnXSIT4k4ww==

bootstrap@^5.3.2:
  version "5.3.3"
  resolved "https://registry.yarnpkg.com/bootstrap/-/bootstrap-5.3.3.tgz#de35e1a765c897ac940021900fcbb831602bac38"
  integrity sha512-8HLCdWgyoMguSO9o+aH+iuZ+aht+mzW0u3HIMzVu7Srrpv7EBBxTnrFlSCskwdY1+EOFQSm7uMJhNQHkdPcmjg==

cardboard-vr-display@^1.0.19:
  version "1.0.19"
  resolved "https://registry.yarnpkg.com/cardboard-vr-display/-/cardboard-vr-display-1.0.19.tgz#81dcde1804b329b8228b757ac00e1fd2afa9d748"
  integrity sha512-+MjcnWKAkb95p68elqZLDPzoiF/dGncQilLGvPBM5ZorABp/ao3lCs7nnRcYBckmuNkg1V/5rdGDKoUaCVsHzQ==
  dependencies:
    gl-preserve-state "^1.0.0"
    nosleep.js "^0.7.0"
    webvr-polyfill-dpdb "^1.0.17"

color-name@^2.0.0:
  version "2.0.0"
  resolved "https://registry.yarnpkg.com/color-name/-/color-name-2.0.0.tgz#03ff6b1b5aec9bb3cf1ed82400c2790dfcd01d2d"
  integrity sha512-SbtvAMWvASO5TE2QP07jHBMXKafgdZz8Vrsrn96fiL+O92/FN/PLARzUW5sKt013fjAprK2d2iCn2hk2Xb5oow==

color-parse@^2.0.0:
  version "2.0.2"
  resolved "https://registry.yarnpkg.com/color-parse/-/color-parse-2.0.2.tgz#37b46930424924060988edf25b24e6ffb4a1dc3f"
  integrity sha512-eCtOz5w5ttWIUcaKLiktF+DxZO1R9KLNY/xhbV6CkhM7sR3GhVghmt6X6yOnzeaM24po+Z9/S1apbXMwA3Iepw==
  dependencies:
    color-name "^2.0.0"

color-rgba@^3.0.0:
  version "3.0.0"
  resolved "https://registry.yarnpkg.com/color-rgba/-/color-rgba-3.0.0.tgz#77090bdcdb2951c1735e20099ddd50401675375b"
  integrity sha512-PPwZYkEY3M2THEHHV6Y95sGUie77S7X8v+h1r6LSAPF3/LL2xJ8duUXSrkic31Nzc4odPwHgUbiX/XuTYzQHQg==
  dependencies:
    color-parse "^2.0.0"
    color-space "^2.0.0"

color-space@^2.0.0, color-space@^2.0.1:
  version "2.0.1"
  resolved "https://registry.yarnpkg.com/color-space/-/color-space-2.0.1.tgz#da39871175baf4a5785ba519397df04b8d67e0fa"
  integrity sha512-nKqUYlo0vZATVOFHY810BSYjmCARrG7e5R3UE3CQlyjJTvv5kSSmPG1kzm/oDyyqjehM+lW1RnEt9It9GNa5JA==

dom-walk@^0.1.0:
  version "0.1.2"
  resolved "https://registry.yarnpkg.com/dom-walk/-/dom-walk-0.1.2.tgz#0c548bef048f4d1f2a97249002236060daa3fd84"
  integrity sha512-6QvTW9mrGeIegrFXdtQi9pk7O/nSK6lSdXW2eqUspN5LWD7UTji2Fqw5V2YLjBpHEoU9Xl/eUWNpDeZvoyOv2w==

earcut@^3.0.0:
  version "3.0.0"
  resolved "https://registry.yarnpkg.com/earcut/-/earcut-3.0.0.tgz#a8d5bf891224eaea8287201b5e787c6c0318af89"
  integrity sha512-41Fs7Q/PLq1SDbqjsgcY7GA42T0jvaCNGXgGtsNdvg+Yv8eIu06bxv4/PoREkZ9nMDNwnUSG9OFB9+yv8eKhDg==

geotiff@^2.0.7:
  version "2.1.3"
  resolved "https://registry.yarnpkg.com/geotiff/-/geotiff-2.1.3.tgz#993f40f2aa6aa65fb1e0451d86dd22ca8e66910c"
  integrity sha512-PT6uoF5a1+kbC3tHmZSUsLHBp2QJlHasxxxxPW47QIY1VBKpFB+FcDvX+MxER6UzgLQZ0xDzJ9s48B9JbOCTqA==
  dependencies:
    "@petamoriken/float16" "^3.4.7"
    lerc "^3.0.0"
    pako "^2.0.4"
    parse-headers "^2.0.2"
    quick-lru "^6.1.1"
    web-worker "^1.2.0"
    xml-utils "^1.0.2"
    zstddec "^0.1.0"

gl-preserve-state@^1.0.0:
  version "1.0.0"
  resolved "https://registry.yarnpkg.com/gl-preserve-state/-/gl-preserve-state-1.0.0.tgz#4ef710d62873f1470ed015c6546c37dacddd4198"
  integrity sha512-zQZ25l3haD4hvgJZ6C9+s0ebdkW9y+7U2qxvGu1uWOJh8a4RU+jURIKEQhf8elIlFpMH6CrAY2tH0mYrRjet3Q==

global@4.4.0, global@^4.3.1, global@^4.4.0, global@~4.4.0:
  version "4.4.0"
  resolved "https://registry.yarnpkg.com/global/-/global-4.4.0.tgz#3e7b105179006a323ed71aafca3e9c57a5cc6406"
  integrity sha512-wv/LAoHdRE3BeTGz53FAamhGlPLhlssK45usmGFThIi4XqnBmjKQ16u+RNbP7WvigRZDxUsM0J3gcQ5yicaL0w==
  dependencies:
    min-document "^2.19.0"
    process "^0.11.10"

img-comparison-slider@^8.0.6:
  version "8.0.6"
  resolved "https://registry.yarnpkg.com/img-comparison-slider/-/img-comparison-slider-8.0.6.tgz#a94385e49ee630903f8a6a4f9959658078668c87"
  integrity sha512-ej4de7mWyjcXZvDgHq8K2a/dG8Vv+qYTdUjZa3cVILf316rLtDrHyGbh9fPvixmAFgbs30zTLfmaRDa7abjtzw==

individual@^2.0.0:
  version "2.0.0"
  resolved "https://registry.yarnpkg.com/individual/-/individual-2.0.0.tgz#833b097dad23294e76117a98fb38e0d9ad61bb97"
  integrity sha512-pWt8hBCqJsUWI/HtcfWod7+N9SgAqyPEaF7JQjwzjn5vGrpg6aQ5qeAFQ7dx//UH4J1O+7xqew+gCeeFt6xN/g==

is-function@^1.0.1:
  version "1.0.2"
  resolved "https://registry.yarnpkg.com/is-function/-/is-function-1.0.2.tgz#4f097f30abf6efadac9833b17ca5dc03f8144e08"
  integrity sha512-lw7DUp0aWXYg+CBCN+JKkcE0Q2RayZnSvnZBlwgxHBQhqt5pZNVy4Ri7H9GmmXkdu7LUthszM+Tor1u/2iBcpQ==

keycode@^2.2.0:
  version "2.2.1"
  resolved "https://registry.yarnpkg.com/keycode/-/keycode-2.2.1.tgz#09c23b2be0611d26117ea2501c2c391a01f39eff"
  integrity sha512-Rdgz9Hl9Iv4QKi8b0OlCRQEzp4AgVxyCtz5S/+VIHezDmrDhkp2N2TqBWOLz0/gbeREXOOiI9/4b8BY9uw2vFg==

lerc@^3.0.0:
  version "3.0.0"
  resolved "https://registry.yarnpkg.com/lerc/-/lerc-3.0.0.tgz#36f36fbd4ba46f0abf4833799fff2e7d6865f5cb"
  integrity sha512-Rm4J/WaHhRa93nCN2mwWDZFoRVF18G1f47C+kvQWyHGEZxFpTUi73p7lMVSAndyxGt6lJ2/CFbOcf9ra5p8aww==

m3u8-parser@4.8.0:
  version "4.8.0"
  resolved "https://registry.yarnpkg.com/m3u8-parser/-/m3u8-parser-4.8.0.tgz#4a2d591fdf6f2579d12a327081198df8af83083d"
  integrity sha512-UqA2a/Pw3liR6Df3gwxrqghCP17OpPlQj6RBPLYygf/ZSQ4MoSgvdvhvt35qV+3NaaA0FSZx93Ix+2brT1U7cA==
  dependencies:
    "@babel/runtime" "^7.12.5"
    "@videojs/vhs-utils" "^3.0.5"
    global "^4.4.0"

m3u8-parser@^7.1.0:
  version "7.2.0"
  resolved "https://registry.yarnpkg.com/m3u8-parser/-/m3u8-parser-7.2.0.tgz#9e2eb50abb8349d248cd58842367da4acabdf297"
  integrity sha512-CRatFqpjVtMiMaKXxNvuI3I++vUumIXVVT/JpCpdU/FynV/ceVw1qpPyyBNindL+JlPMSesx+WX1QJaZEJSaMQ==
  dependencies:
    "@babel/runtime" "^7.12.5"
    "@videojs/vhs-utils" "^4.1.1"
    global "^4.4.0"

min-document@^2.19.0:
  version "2.19.0"
  resolved "https://registry.yarnpkg.com/min-document/-/min-document-2.19.0.tgz#7bd282e3f5842ed295bb748cdd9f1ffa2c824685"
  integrity sha512-9Wy1B3m3f66bPPmU5hdA4DR4PB2OfDU/+GS3yAB7IQozE3tqXaVv2zOjgla7MEGSRv95+ILmOuvhLkOK6wJtCQ==
  dependencies:
    dom-walk "^0.1.0"

mpd-parser@0.22.1, mpd-parser@^0.22.1:
  version "0.22.1"
  resolved "https://registry.yarnpkg.com/mpd-parser/-/mpd-parser-0.22.1.tgz#bc2bf7d3e56368e4b0121035b055675401871521"
  integrity sha512-fwBebvpyPUU8bOzvhX0VQZgSohncbgYwUyJJoTSNpmy7ccD2ryiCvM7oRkn/xQH5cv73/xU7rJSNCLjdGFor0Q==
  dependencies:
    "@babel/runtime" "^7.12.5"
    "@videojs/vhs-utils" "^3.0.5"
    "@xmldom/xmldom" "^0.8.3"
    global "^4.4.0"

mpd-parser@^1.2.2, mpd-parser@^1.3.0:
  version "1.3.0"
  resolved "https://registry.yarnpkg.com/mpd-parser/-/mpd-parser-1.3.0.tgz#38c20f4d73542b4ed554158bc1f0fa571dc61388"
  integrity sha512-WgeIwxAqkmb9uTn4ClicXpEQYCEduDqRKfmUdp4X8vmghKfBNXZLYpREn9eqrDx/Tf5LhzRcJLSpi4ohfV742Q==
  dependencies:
    "@babel/runtime" "^7.12.5"
    "@videojs/vhs-utils" "^4.0.0"
    "@xmldom/xmldom" "^0.8.3"
    global "^4.4.0"

mux.js@6.0.1:
  version "6.0.1"
  resolved "https://registry.yarnpkg.com/mux.js/-/mux.js-6.0.1.tgz#65ce0f7a961d56c006829d024d772902d28c7755"
  integrity sha512-22CHb59rH8pWGcPGW5Og7JngJ9s+z4XuSlYvnxhLuc58cA1WqGDQPzuG8I+sPm1/p0CdgpzVTaKW408k5DNn8w==
  dependencies:
    "@babel/runtime" "^7.11.2"
    global "^4.4.0"

mux.js@7.0.3, mux.js@^7.0.1:
  version "7.0.3"
  resolved "https://registry.yarnpkg.com/mux.js/-/mux.js-7.0.3.tgz#18fbbc607faeeaa8c897e0410d2067be2bdc7e1e"
  integrity sha512-gzlzJVEGFYPtl2vvEiJneSWAWD4nfYRHD5XgxmB2gWvXraMPOYk+sxfvexmNfjQUFpmk6hwLR5C6iSFmuwCHdQ==
  dependencies:
    "@babel/runtime" "^7.11.2"
    global "^4.4.0"

nosleep.js@^0.7.0:
  version "0.7.0"
  resolved "https://registry.yarnpkg.com/nosleep.js/-/nosleep.js-0.7.0.tgz#cfd919c25523ca0d0f4a69fb3305c083adaee289"
  integrity sha512-Z4B1HgvzR+en62ghwZf6BwAR6x4/pjezsiMcbF9KMLh7xoscpoYhaSXfY3lLkqC68AtW+/qLJ1lzvBIj0FGaTA==

ol@^10.1.0:
  version "10.1.0"
  resolved "https://registry.yarnpkg.com/ol/-/ol-10.1.0.tgz#f163fc57585c454c149a87f201c207fe642d2f46"
  integrity sha512-/efepydpzhFoeczA9KAN5t7G0WpFhP46ZXEfSl6JbZ7ipQZ2axpkYB2qt0qcOUlPFYMt7/XQFApH652KB08tTg==
  dependencies:
    "@types/rbush" "^3.0.3"
    color-rgba "^3.0.0"
    color-space "^2.0.1"
    earcut "^3.0.0"
    geotiff "^2.0.7"
    pbf "4.0.1"
    rbush "^4.0.0"

pako@^2.0.4:
  version "2.1.0"
  resolved "https://registry.yarnpkg.com/pako/-/pako-2.1.0.tgz#266cc37f98c7d883545d11335c00fbd4062c9a86"
  integrity sha512-w+eufiZ1WuJYgPXbV/PO3NCMEc3xqylkKHzp8bxp1uW4qaSNQUkwmLLEc3kKsfz8lpV1F8Ht3U1Cm+9Srog2ug==

parse-headers@^2.0.2:
  version "2.0.5"
  resolved "https://registry.yarnpkg.com/parse-headers/-/parse-headers-2.0.5.tgz#069793f9356a54008571eb7f9761153e6c770da9"
  integrity sha512-ft3iAoLOB/MlwbNXgzy43SWGP6sQki2jQvAyBg/zDFAgr9bfNWZIUj42Kw2eJIl8kEi4PbgE6U1Zau/HwI75HA==

pbf@4.0.1:
  version "4.0.1"
  resolved "https://registry.yarnpkg.com/pbf/-/pbf-4.0.1.tgz#ad9015e022b235dcdbe05fc468a9acadf483f0d4"
  integrity sha512-SuLdBvS42z33m8ejRbInMapQe8n0D3vN/Xd5fmWM3tufNgRQFBpaW2YVJxQZV4iPNqb0vEFvssMEo5w9c6BTIA==
  dependencies:
    resolve-protobuf-schema "^2.1.0"

pkcs7@^1.0.4:
  version "1.0.4"
  resolved "https://registry.yarnpkg.com/pkcs7/-/pkcs7-1.0.4.tgz#6090b9e71160dabf69209d719cbafa538b00a1cb"
  integrity sha512-afRERtHn54AlwaF2/+LFszyAANTCggGilmcmILUzEjvs3XgFZT+xE6+QWQcAGmu4xajy+Xtj7acLOPdx5/eXWQ==
  dependencies:
    "@babel/runtime" "^7.5.5"

process@^0.11.10:
  version "0.11.10"
  resolved "https://registry.yarnpkg.com/process/-/process-0.11.10.tgz#7332300e840161bda3e69a1d1d91a7d4bc16f182"
  integrity sha512-cdGef/drWFoydD1JsMzuFf8100nZl+GT+yacc2bEced5f9Rjk4z+WtFUTBu9PhOi9j/jfmBPu0mMEY4wIdAF8A==

protocol-buffers-schema@^3.3.1:
  version "3.6.0"
  resolved "https://registry.yarnpkg.com/protocol-buffers-schema/-/protocol-buffers-schema-3.6.0.tgz#77bc75a48b2ff142c1ad5b5b90c94cd0fa2efd03"
  integrity sha512-TdDRD+/QNdrCGCE7v8340QyuXd4kIWIgapsE2+n/SaGiSSbomYl4TjHlvIoCWRpE7wFt02EpB35VVA2ImcBVqw==

quick-lru@^6.1.1:
  version "6.1.2"
  resolved "https://registry.yarnpkg.com/quick-lru/-/quick-lru-6.1.2.tgz#e9a90524108629be35287d0b864e7ad6ceb3659e"
  integrity sha512-AAFUA5O1d83pIHEhJwWCq/RQcRukCkn/NSm2QsTEMle5f2hP0ChI2+3Xb051PZCkLryI/Ir1MVKviT2FIloaTQ==

quickselect@^3.0.0:
  version "3.0.0"
  resolved "https://registry.yarnpkg.com/quickselect/-/quickselect-3.0.0.tgz#a37fc953867d56f095a20ac71c6d27063d2de603"
  integrity sha512-XdjUArbK4Bm5fLLvlm5KpTFOiOThgfWWI4axAZDWg4E/0mKdZyI9tNEfds27qCi1ze/vwTR16kvmmGhRra3c2g==

rbush@^4.0.0:
  version "4.0.1"
  resolved "https://registry.yarnpkg.com/rbush/-/rbush-4.0.1.tgz#1f55afa64a978f71bf9e9a99bc14ff84f3cb0d6d"
  integrity sha512-IP0UpfeWQujYC8Jg162rMNc01Rf0gWMMAb2Uxus/Q0qOFw4lCcq6ZnQEZwUoJqWyUGJ9th7JjwI4yIWo+uvoAQ==
  dependencies:
    quickselect "^3.0.0"

regenerator-runtime@^0.14.0:
  version "0.14.1"
  resolved "https://registry.yarnpkg.com/regenerator-runtime/-/regenerator-runtime-0.14.1.tgz#356ade10263f685dda125100cd862c1db895327f"
  integrity sha512-dYnhHh0nJoMfnkZs6GmmhFknAGRrLznOu5nc9ML+EJxGvrx6H7teuevqVqCuPcPK//3eDrrjQhehXVx9cnkGdw==

resolve-protobuf-schema@^2.1.0:
  version "2.1.0"
  resolved "https://registry.yarnpkg.com/resolve-protobuf-schema/-/resolve-protobuf-schema-2.1.0.tgz#9ca9a9e69cf192bbdaf1006ec1973948aa4a3758"
  integrity sha512-kI5ffTiZWmJaS/huM8wZfEMer1eRd7oJQhDuxeCLe3t7N7mX3z94CN0xPxBQxFYQTSNz9T0i+v6inKqSdK8xrQ==
  dependencies:
    protocol-buffers-schema "^3.3.1"

rust-result@^1.0.0:
  version "1.0.0"
  resolved "https://registry.yarnpkg.com/rust-result/-/rust-result-1.0.0.tgz#34c75b2e6dc39fe5875e5bdec85b5e0f91536f72"
  integrity sha512-6cJzSBU+J/RJCF063onnQf0cDUOHs9uZI1oroSGnHOph+CQTIJ5Pp2hK5kEQq1+7yE/EEWfulSNXAQ2jikPthA==
  dependencies:
    individual "^2.0.0"

safe-json-parse@4.0.0:
  version "4.0.0"
  resolved "https://registry.yarnpkg.com/safe-json-parse/-/safe-json-parse-4.0.0.tgz#7c0f578cfccd12d33a71c0e05413e2eca171eaac"
  integrity sha512-RjZPPHugjK0TOzFrLZ8inw44s9bKox99/0AZW9o/BEQVrJfhI+fIHMErnPyRa89/yRXUUr93q+tiN6zhoVV4wQ==
  dependencies:
    rust-result "^1.0.0"

three@0.125.2:
  version "0.125.2"
  resolved "https://registry.yarnpkg.com/three/-/three-0.125.2.tgz#dcba12749a2eb41522e15212b919cd3fbf729b12"
  integrity sha512-7rIRO23jVKWcAPFdW/HREU2NZMGWPBZ4XwEMt0Ak0jwLUKVJhcKM55eCBWyGZq/KiQbeo1IeuAoo/9l2dzhTXA==

url-toolkit@^2.2.1:
  version "2.2.5"
  resolved "https://registry.yarnpkg.com/url-toolkit/-/url-toolkit-2.2.5.tgz#58406b18e12c58803e14624df5e374f638b0f607"
  integrity sha512-mtN6xk+Nac+oyJ/PrI7tzfmomRVNFIWKUbG8jdYFt52hxbiReFAXIjYskvu64/dvuW71IcB7lV8l0HvZMac6Jg==

"video.js@^6 || ^7":
  version "7.21.6"
  resolved "https://registry.yarnpkg.com/video.js/-/video.js-7.21.6.tgz#a42d817c42d8d91538b72197a0874aeb01c76ce9"
  integrity sha512-m41TbODrUCToVfK1aljVd296CwDQnCRewpIm5tTXMuV87YYSGw1H+VDOaV45HlpcWSsTWWLF++InDgGJfthfUw==
  dependencies:
    "@babel/runtime" "^7.12.5"
    "@videojs/http-streaming" "2.16.3"
    "@videojs/vhs-utils" "^3.0.4"
    "@videojs/xhr" "2.6.0"
    aes-decrypter "3.1.3"
    global "^4.4.0"
    keycode "^2.2.0"
    m3u8-parser "4.8.0"
    mpd-parser "0.22.1"
    mux.js "6.0.1"
    safe-json-parse "4.0.0"
    videojs-font "3.2.0"
    videojs-vtt.js "^0.15.5"

"video.js@^7 || ^8", video.js@^8.17.3:
  version "8.17.3"
  resolved "https://registry.yarnpkg.com/video.js/-/video.js-8.17.3.tgz#678f8d52121608e05bdacfe5993889adbf2022e8"
  integrity sha512-zhhmE0LNxJRA603/48oYzF7GYdT+rQRscvcsouYxFE71aKhalHLBP6S9/XjixnyjcrYgwIx8OQo6eSjcbbAW0Q==
  dependencies:
    "@babel/runtime" "^7.12.5"
    "@videojs/http-streaming" "3.13.2"
    "@videojs/vhs-utils" "^4.0.0"
    "@videojs/xhr" "2.7.0"
    aes-decrypter "^4.0.1"
    global "4.4.0"
    m3u8-parser "^7.1.0"
    mpd-parser "^1.2.2"
    mux.js "^7.0.1"
    safe-json-parse "4.0.0"
    videojs-contrib-quality-levels "4.1.0"
    videojs-font "4.2.0"
    videojs-vtt.js "0.15.5"

videojs-contrib-quality-levels@4.1.0:
  version "4.1.0"
  resolved "https://registry.yarnpkg.com/videojs-contrib-quality-levels/-/videojs-contrib-quality-levels-4.1.0.tgz#44c2d2167114a5c8418548b10a25cb409d6cba51"
  integrity sha512-TfrXJJg1Bv4t6TOCMEVMwF/CoS8iENYsWNKip8zfhB5kTcegiFYezEA0eHAJPU64ZC8NQbxQgOwAsYU8VXbOWA==
  dependencies:
    global "^4.4.0"

videojs-font@3.2.0:
  version "3.2.0"
  resolved "https://registry.yarnpkg.com/videojs-font/-/videojs-font-3.2.0.tgz#212c9d3f4e4ec3fa7345167d64316add35e92232"
  integrity sha512-g8vHMKK2/JGorSfqAZQUmYYNnXmfec4MLhwtEFS+mMs2IDY398GLysy6BH6K+aS1KMNu/xWZ8Sue/X/mdQPliA==

videojs-font@4.2.0:
  version "4.2.0"
  resolved "https://registry.yarnpkg.com/videojs-font/-/videojs-font-4.2.0.tgz#fbce803d347c565816e296f527e208dc65c9f235"
  integrity sha512-YPq+wiKoGy2/M7ccjmlvwi58z2xsykkkfNMyIg4xb7EZQQNwB71hcSsB3o75CqQV7/y5lXkXhI/rsGAS7jfEmQ==

videojs-vr@^2.0.0:
  version "2.0.0"
  resolved "https://registry.yarnpkg.com/videojs-vr/-/videojs-vr-2.0.0.tgz#3d86e3fececf7373cfb89b950ed6ab77ca783d2b"
  integrity sha512-ix4iN8XHaDSEe89Jqybj9DuLKYuK33EIzcSI0IEdnv1KJuH8bd0PYlQEgqIZTOmWruFpW/+rjYFCVUQ9PTypJw==
  dependencies:
    "@babel/runtime" "^7.14.5"
    global "^4.4.0"
    three "0.125.2"
    video.js "^6 || ^7"
    webvr-polyfill "0.10.12"

videojs-vtt.js@0.15.5, videojs-vtt.js@^0.15.5:
  version "0.15.5"
  resolved "https://registry.yarnpkg.com/videojs-vtt.js/-/videojs-vtt.js-0.15.5.tgz#567776eaf2a7a928d88b148a8b401ade2406f2ca"
  integrity sha512-yZbBxvA7QMYn15Lr/ZfhhLPrNpI/RmCSCqgIff57GC2gIrV5YfyzLfLyZMj0NnZSAz8syB4N0nHXpZg9MyrMOQ==
  dependencies:
    global "^4.3.1"

web-worker@^1.2.0:
  version "1.3.0"
  resolved "https://registry.yarnpkg.com/web-worker/-/web-worker-1.3.0.tgz#e5f2df5c7fe356755a5fb8f8410d4312627e6776"
  integrity sha512-BSR9wyRsy/KOValMgd5kMyr3JzpdeoR9KVId8u5GVlTTAtNChlsE4yTxeY7zMdNSyOmoKBv8NH2qeRY9Tg+IaA==

webvr-polyfill-dpdb@^1.0.17:
  version "1.0.18"
  resolved "https://registry.yarnpkg.com/webvr-polyfill-dpdb/-/webvr-polyfill-dpdb-1.0.18.tgz#258484ce06b057bf18898acc911bd173847bce11"
  integrity sha512-O0S1ZGEWyPvyZEkS2VbyV7mtir/NM9MNK3EuhbHPoJ8EHTky2pTXehjIl+IiDPr+Lldgx129QGt3NGly7rwRPw==

webvr-polyfill@0.10.12:
  version "0.10.12"
  resolved "https://registry.yarnpkg.com/webvr-polyfill/-/webvr-polyfill-0.10.12.tgz#47ea0b0d558f09e089bc49fa7b47a4ee7e4b8148"
  integrity sha512-trDJEVUQnRIVAnmImjEQ0BlL1NfuWl8+eaEdu+bs4g59c7OtETi/5tFkgEFDRaWEYwHntXs/uFF3OXZuutNGGA==
  dependencies:
    cardboard-vr-display "^1.0.19"

xml-utils@^1.0.2:
  version "1.10.1"
  resolved "https://registry.yarnpkg.com/xml-utils/-/xml-utils-1.10.1.tgz#fa0c9b38545760532d4cf89003f90c3b24e7200f"
  integrity sha512-Dn6vJ1Z9v1tepSjvnCpwk5QqwIPcEFKdgnjqfYOABv1ngSofuAhtlugcUC3ehS1OHdgDWSG6C5mvj+Qm15udTQ==

zstddec@^0.1.0:
  version "0.1.0"
  resolved "https://registry.yarnpkg.com/zstddec/-/zstddec-0.1.0.tgz#7050f3f0e0c3978562d0c566b3e5a427d2bad7ec"
  integrity sha512-w2NTI8+3l3eeltKAdK8QpiLo/flRAr2p8AGeakfMZOXBxOg9HIu4LVDxBi81sYgVhFhdJjv1OrB5ssI8uFPoLg==
